
Microsoft Visual Studio Solution File, Format Version 12.00
# Visual Studio Version 17
VisualStudioVersion = 17.11.35312.102
MinimumVisualStudioVersion = 10.0.40219.1
Project("{FAE04EC0-301F-11D3-BF4B-00C04F79EFBC}") = "olimpia", "olimpia\olimpia.csproj", "{DDFF7084-164E-46BD-9A91-735DD5363092}"
EndProject
Global
	GlobalSection(SolutionConfigurationPlatforms) = preSolution
		Debug|Any CPU = Debug|Any CPU
		Release|Any CPU = Release|Any CPU
	EndGlobalSection
	GlobalSection(ProjectConfigurationPlatforms) = postSolution
		{DDFF7084-164E-46BD-9A91-735DD5363092}.Debug|Any CPU.ActiveCfg = Debug|Any CPU
		{DDFF7084-164E-46BD-9A91-735DD5363092}.Debug|Any CPU.Build.0 = Debug|Any CPU
		{DDFF7084-164E-46BD-9A91-735DD5363092}.Release|Any CPU.ActiveCfg = Release|Any CPU
		{DDFF7084-164E-46BD-9A91-735DD5363092}.Release|Any CPU.Build.0 = Release|Any CPU
	EndGlobalSection
	GlobalSection(SolutionProperties) = preSolution
		HideSolutionNode = FALSE
	EndGlobalSection
	GlobalSection(ExtensibilityGlobals) = postSolution
		SolutionGuid = {DEF71463-E570-4E5A-BC47-AEE2E82977C6}
	EndGlobalSection
EndGlobal
